<?xml version="1.0" encoding="utf-8"?>
<Project ToolsVersion="4.0" xmlns="http://schemas.microsoft.com/developer/msbuild/2003">
  <ItemGroup>
    <Filter Include="Resource Files">
      <UniqueIdentifier>{67DA6AB6-F800-4c08-8B7A-83BB121AAD01}</UniqueIdentifier>
      <Extensions>rc;ico;cur;bmp;dlg;rc2;rct;bin;rgs;gif;jpg;jpeg;jpe;resx;tiff;tif;png;wav;mfcribbon-ms</Extensions>
    </Filter>
    <Filter Include="Framework">
      <UniqueIdentifier>{93995380-89BD-4b04-88EB-625FBE52EBFB}</UniqueIdentifier>
      <Extensions>
      </Extensions>
    </Filter>
    <Filter Include="Game">
      <UniqueIdentifier>{4FC737F1-C7A5-4376-A066-2A32D752A2FF}</UniqueIdentifier>
      <Extensions>
      </Extensions>
    </Filter>
    <Filter Include="Game\Entity">
      <UniqueIdentifier>{34e9234c-4e3a-4385-9273-3a04d8edfef6}</UniqueIdentifier>
    </Filter>
    <Filter Include="Game\Entity\Enemy">
      <UniqueIdentifier>{67ae5af7-d6b3-4731-b280-c2217bc64f22}</UniqueIdentifier>
    </Filter>
    <Filter Include="Game\Entity\Enemy\Pathing">
      <UniqueIdentifier>{6686d44a-d458-4933-aa6c-e4d34e47de3b}</UniqueIdentifier>
    </Filter>
    <Filter Include="Game\Entity\Player">
      <UniqueIdentifier>{558c2724-6ace-4695-a374-5a437fa56c29}</UniqueIdentifier>
    </Filter>
    <Filter Include="Game\Entity\Bullets">
      <UniqueIdentifier>{5f760b67-017b-4b3d-9052-2e4b52a7ab2a}</UniqueIdentifier>
    </Filter>
  </ItemGroup>
  <ItemGroup>
    <ClCompile Include="Core.cpp">
      <Filter>Framework</Filter>
    </ClCompile>
    <ClCompile Include="Matrix2x3.cpp">
      <Filter>Framework</Filter>
    </ClCompile>
    <ClCompile Include="pch.cpp">
      <Filter>Framework</Filter>
    </ClCompile>
    <ClCompile Include="SoundEffect.cpp">
      <Filter>Framework</Filter>
    </ClCompile>
    <ClCompile Include="SoundStream.cpp">
      <Filter>Framework</Filter>
    </ClCompile>
    <ClCompile Include="structs.cpp">
      <Filter>Framework</Filter>
    </ClCompile>
    <ClCompile Include="SVGParser.cpp">
      <Filter>Framework</Filter>
    </ClCompile>
    <ClCompile Include="Texture.cpp">
      <Filter>Framework</Filter>
    </ClCompile>
    <ClCompile Include="utils.cpp">
      <Filter>Framework</Filter>
    </ClCompile>
    <ClCompile Include="Vector2f.cpp">
      <Filter>Framework</Filter>
    </ClCompile>
    <ClCompile Include="Game.cpp">
      <Filter>Game</Filter>
    </ClCompile>
    <ClCompile Include="main.cpp">
      <Filter>Framework</Filter>
    </ClCompile>
    <ClCompile Include="BezierGenerator.cpp">
      <Filter>Game\Entity\Enemy\Pathing</Filter>
    </ClCompile>
    <ClCompile Include="EnemyPaths.cpp">
      <Filter>Game\Entity\Enemy\Pathing</Filter>
    </ClCompile>
    <ClCompile Include="PlayerShip.cpp">
      <Filter>Game\Entity\Player</Filter>
    </ClCompile>
    <ClCompile Include="Bullet.cpp">
      <Filter>Game\Entity\Bullets</Filter>
    </ClCompile>
    <ClCompile Include="BulletPool.cpp">
      <Filter>Game\Entity\Bullets</Filter>
    </ClCompile>
  </ItemGroup>
  <ItemGroup>
    <ClInclude Include="pch.h">
      <Filter>Framework</Filter>
    </ClInclude>
    <ClInclude Include="Core.h">
      <Filter>Framework</Filter>
    </ClInclude>
    <ClInclude Include="Matrix2x3.h">
      <Filter>Framework</Filter>
    </ClInclude>
    <ClInclude Include="SoundEffect.h">
      <Filter>Framework</Filter>
    </ClInclude>
    <ClInclude Include="SoundStream.h">
      <Filter>Framework</Filter>
    </ClInclude>
    <ClInclude Include="structs.h">
      <Filter>Framework</Filter>
    </ClInclude>
    <ClInclude Include="SVGParser.h">
      <Filter>Framework</Filter>
    </ClInclude>
    <ClInclude Include="Texture.h">
      <Filter>Framework</Filter>
    </ClInclude>
    <ClInclude Include="utils.h">
      <Filter>Framework</Filter>
    </ClInclude>
    <ClInclude Include="Vector2f.h">
      <Filter>Framework</Filter>
    </ClInclude>
    <ClInclude Include="Game.h">
      <Filter>Game</Filter>
    </ClInclude>
    <ClInclude Include="constants.h">
      <Filter>Framework</Filter>
    </ClInclude>
    <ClInclude Include="BezierGenerator.h">
      <Filter>Game\Entity\Enemy\Pathing</Filter>
    </ClInclude>
    <ClInclude Include="EnemyPaths.h">
      <Filter>Game\Entity\Enemy\Pathing</Filter>
    </ClInclude>
    <ClInclude Include="PlayerShip.h">
      <Filter>Game\Entity\Player</Filter>
    </ClInclude>
    <ClInclude Include="Bullet.h">
      <Filter>Game\Entity\Bullets</Filter>
    </ClInclude>
    <ClInclude Include="BulletPool.h">
      <Filter>Game\Entity\Bullets</Filter>
    </ClInclude>
  </ItemGroup>
</Project>